
Microsoft Visual Studio Solution File, Format Version 12.00
# Visual Studio 15
VisualStudioVersion = 15.0.28010.2048
MinimumVisualStudioVersion = 10.0.40219.1
Project("{FAE04EC0-301F-11D3-BF4B-00C04F79EFBC}") = "Opdracht2.5", "Opdracht2.5\Opdracht2.5.csproj", "{1C9B8E8A-7932-4F0A-853B-68CEE0A29A26}"
EndProject
Global
	GlobalSection(SolutionConfigurationPlatforms) = preSolution
		Debug|Any CPU = Debug|Any CPU
		Release|Any CPU = Release|Any CPU
	EndGlobalSection
	GlobalSection(ProjectConfigurationPlatforms) = postSolution
		{1C9B8E8A-7932-4F0A-853B-68CEE0A29A26}.Debug|Any CPU.ActiveCfg = Debug|Any CPU
		{1C9B8E8A-7932-4F0A-853B-68CEE0A29A26}.Debug|Any CPU.Build.0 = Debug|Any CPU
		{1C9B8E8A-7932-4F0A-853B-68CEE0A29A26}.Release|Any CPU.ActiveCfg = Release|Any CPU
		{1C9B8E8A-7932-4F0A-853B-68CEE0A29A26}.Release|Any CPU.Build.0 = Release|Any CPU
	EndGlobalSection
	GlobalSection(SolutionProperties) = preSolution
		HideSolutionNode = FALSE
	EndGlobalSection
	GlobalSection(ExtensibilityGlobals) = postSolution
		SolutionGuid = {F555F42F-D300-4207-9428-95E29432E8E8}
	EndGlobalSection
EndGlobal
